// !$*UTF8*$!
{
	archiveVersion = 1;
	classes = {
	};
	objectVersion = 50;
	objects = {

/* Begin PBXBuildFile section */
		0B5E255BDD48AD2D73613DD9 /* Pods_CMPT276App.framework in Frameworks */ = {isa = PBXBuildFile; fileRef = D97F1A37CA8B1F1EFCA69E42 /* Pods_CMPT276App.framework */; };
		2B2F0A4820EAF47D0085AA23 /* UserVC.swift in Sources */ = {isa = PBXBuildFile; fileRef = 2B2F0A4520EAF47C0085AA23 /* UserVC.swift */; };
		2B2F0A4920EAF47D0085AA23 /* ViewController.swift in Sources */ = {isa = PBXBuildFile; fileRef = 2B2F0A4620EAF47C0085AA23 /* ViewController.swift */; };
		2B2F0A4A20EAF47D0085AA23 /* JourneyVC.swift in Sources */ = {isa = PBXBuildFile; fileRef = 2B2F0A4720EAF47D0085AA23 /* JourneyVC.swift */; };
		2B2F0A5020EAFD820085AA23 /* MealLog.swift in Sources */ = {isa = PBXBuildFile; fileRef = 2B2F0A4F20EAFD820085AA23 /* MealLog.swift */; };
		2B2F0A5220EB12A00085AA23 /* LogCell.swift in Sources */ = {isa = PBXBuildFile; fileRef = 2B2F0A5120EB12A00085AA23 /* LogCell.swift */; };
		2B2F0A5420EB1B7C0085AA23 /* MealLogVC.swift in Sources */ = {isa = PBXBuildFile; fileRef = 2B2F0A5320EB1B7C0085AA23 /* MealLogVC.swift */; };
		2B2F0A5620EB1F900085AA23 /* RoleVC.swift in Sources */ = {isa = PBXBuildFile; fileRef = 2B2F0A5520EB1F900085AA23 /* RoleVC.swift */; };
		2B2F0A5920EB28020085AA23 /* Main.storyboard in Resources */ = {isa = PBXBuildFile; fileRef = 2B2F0A5720EB28020085AA23 /* Main.storyboard */; };
		342655D920DB5D5700020C3E /* AppDelegate.swift in Sources */ = {isa = PBXBuildFile; fileRef = 342655D820DB5D5700020C3E /* AppDelegate.swift */; };
		342655DB20DB5D5700020C3E /* RootViewController.swift in Sources */ = {isa = PBXBuildFile; fileRef = 342655DA20DB5D5700020C3E /* RootViewController.swift */; };
		342655DD20DB5D5700020C3E /* DataViewController.swift in Sources */ = {isa = PBXBuildFile; fileRef = 342655DC20DB5D5700020C3E /* DataViewController.swift */; };
		342655DF20DB5D5700020C3E /* ModelController.swift in Sources */ = {isa = PBXBuildFile; fileRef = 342655DE20DB5D5700020C3E /* ModelController.swift */; };
		342655E420DB5D5800020C3E /* Assets.xcassets in Resources */ = {isa = PBXBuildFile; fileRef = 342655E320DB5D5800020C3E /* Assets.xcassets */; };
		342655E720DB5D5800020C3E /* LaunchScreen.storyboard in Resources */ = {isa = PBXBuildFile; fileRef = 342655E520DB5D5800020C3E /* LaunchScreen.storyboard */; };
		342655F220DB5D5800020C3E /* CMPT276AppTests.swift in Sources */ = {isa = PBXBuildFile; fileRef = 342655F120DB5D5800020C3E /* CMPT276AppTests.swift */; };
		342655FD20DB5D5800020C3E /* CMPT276AppUITests.swift in Sources */ = {isa = PBXBuildFile; fileRef = 342655FC20DB5D5800020C3E /* CMPT276AppUITests.swift */; };
		3426560B20E493A000020C3E /* ConnectVC.swift in Sources */ = {isa = PBXBuildFile; fileRef = 3426560A20E493A000020C3E /* ConnectVC.swift */; };
		3426561120E4AFA100020C3E /* PostCell.swift in Sources */ = {isa = PBXBuildFile; fileRef = 3426561020E4AFA100020C3E /* PostCell.swift */; };
		3426561520E4B3BD00020C3E /* Post.swift in Sources */ = {isa = PBXBuildFile; fileRef = 3426561420E4B3BD00020C3E /* Post.swift */; };
		3426561820E4BA6100020C3E /* PostVC.swift in Sources */ = {isa = PBXBuildFile; fileRef = 3426561720E4BA6100020C3E /* PostVC.swift */; };
		3426561A20E8000300020C3E /* CommentCell.swift in Sources */ = {isa = PBXBuildFile; fileRef = 3426561920E8000300020C3E /* CommentCell.swift */; };
		3426561C20E8017100020C3E /* CommentsVC.swift in Sources */ = {isa = PBXBuildFile; fileRef = 3426561B20E8017100020C3E /* CommentsVC.swift */; };
		3426562020E9F78D00020C3E /* GoogleService-Info.plist in Resources */ = {isa = PBXBuildFile; fileRef = 3426561F20E9F78D00020C3E /* GoogleService-Info.plist */; };
		B511B9D847D61F5B372A34B9 /* Pods_CMPT276AppUITests.framework in Frameworks */ = {isa = PBXBuildFile; fileRef = 6C146571DF4BF2ACD92DC742 /* Pods_CMPT276AppUITests.framework */; };
		B54342AE32CE570E7D45252B /* Pods_CMPT276AppTests.framework in Frameworks */ = {isa = PBXBuildFile; fileRef = 607B25F306DA49AE81C9A913 /* Pods_CMPT276AppTests.framework */; };
/* End PBXBuildFile section */

/* Begin PBXContainerItemProxy section */
		342655EE20DB5D5800020C3E /* PBXContainerItemProxy */ = {
			isa = PBXContainerItemProxy;
			containerPortal = 342655CD20DB5D5700020C3E /* Project object */;
			proxyType = 1;
			remoteGlobalIDString = 342655D420DB5D5700020C3E;
			remoteInfo = CMPT276App;
		};
		342655F920DB5D5800020C3E /* PBXContainerItemProxy */ = {
			isa = PBXContainerItemProxy;
			containerPortal = 342655CD20DB5D5700020C3E /* Project object */;
			proxyType = 1;
			remoteGlobalIDString = 342655D420DB5D5700020C3E;
			remoteInfo = CMPT276App;
		};
/* End PBXContainerItemProxy section */

/* Begin PBXFileReference section */
		2B2F0A4520EAF47C0085AA23 /* UserVC.swift */ = {isa = PBXFileReference; fileEncoding = 4; lastKnownFileType = sourcecode.swift; path = UserVC.swift; sourceTree = "<group>"; };
		2B2F0A4620EAF47C0085AA23 /* ViewController.swift */ = {isa = PBXFileReference; fileEncoding = 4; lastKnownFileType = sourcecode.swift; path = ViewController.swift; sourceTree = "<group>"; };
		2B2F0A4720EAF47D0085AA23 /* JourneyVC.swift */ = {isa = PBXFileReference; fileEncoding = 4; lastKnownFileType = sourcecode.swift; path = JourneyVC.swift; sourceTree = "<group>"; };
		2B2F0A4F20EAFD820085AA23 /* MealLog.swift */ = {isa = PBXFileReference; lastKnownFileType = sourcecode.swift; path = MealLog.swift; sourceTree = "<group>"; };
		2B2F0A5120EB12A00085AA23 /* LogCell.swift */ = {isa = PBXFileReference; lastKnownFileType = sourcecode.swift; path = LogCell.swift; sourceTree = "<group>"; };
		2B2F0A5320EB1B7C0085AA23 /* MealLogVC.swift */ = {isa = PBXFileReference; lastKnownFileType = sourcecode.swift; path = MealLogVC.swift; sourceTree = "<group>"; };
		2B2F0A5520EB1F900085AA23 /* RoleVC.swift */ = {isa = PBXFileReference; lastKnownFileType = sourcecode.swift; path = RoleVC.swift; sourceTree = "<group>"; };
		2B2F0A5820EB28020085AA23 /* Base */ = {isa = PBXFileReference; lastKnownFileType = file.storyboard; name = Base; path = Base.lproj/Main.storyboard; sourceTree = "<group>"; };
		3125346861437D92D9232B0E /* Pods-CMPT276AppUITests.release.xcconfig */ = {isa = PBXFileReference; includeInIndex = 1; lastKnownFileType = text.xcconfig; name = "Pods-CMPT276AppUITests.release.xcconfig"; path = "Pods/Target Support Files/Pods-CMPT276AppUITests/Pods-CMPT276AppUITests.release.xcconfig"; sourceTree = "<group>"; };
		342655D520DB5D5700020C3E /* CMPT276App.app */ = {isa = PBXFileReference; explicitFileType = wrapper.application; includeInIndex = 0; path = CMPT276App.app; sourceTree = BUILT_PRODUCTS_DIR; };
		342655D820DB5D5700020C3E /* AppDelegate.swift */ = {isa = PBXFileReference; lastKnownFileType = sourcecode.swift; path = AppDelegate.swift; sourceTree = "<group>"; };
		342655DA20DB5D5700020C3E /* RootViewController.swift */ = {isa = PBXFileReference; lastKnownFileType = sourcecode.swift; path = RootViewController.swift; sourceTree = "<group>"; };
		342655DC20DB5D5700020C3E /* DataViewController.swift */ = {isa = PBXFileReference; lastKnownFileType = sourcecode.swift; path = DataViewController.swift; sourceTree = "<group>"; };
		342655DE20DB5D5700020C3E /* ModelController.swift */ = {isa = PBXFileReference; lastKnownFileType = sourcecode.swift; path = ModelController.swift; sourceTree = "<group>"; };
		342655E320DB5D5800020C3E /* Assets.xcassets */ = {isa = PBXFileReference; lastKnownFileType = folder.assetcatalog; path = Assets.xcassets; sourceTree = "<group>"; };
		342655E620DB5D5800020C3E /* Base */ = {isa = PBXFileReference; lastKnownFileType = file.storyboard; name = Base; path = Base.lproj/LaunchScreen.storyboard; sourceTree = "<group>"; };
		342655E820DB5D5800020C3E /* Info.plist */ = {isa = PBXFileReference; lastKnownFileType = text.plist.xml; path = Info.plist; sourceTree = "<group>"; };
		342655ED20DB5D5800020C3E /* CMPT276AppTests.xctest */ = {isa = PBXFileReference; explicitFileType = wrapper.cfbundle; includeInIndex = 0; path = CMPT276AppTests.xctest; sourceTree = BUILT_PRODUCTS_DIR; };
		342655F120DB5D5800020C3E /* CMPT276AppTests.swift */ = {isa = PBXFileReference; lastKnownFileType = sourcecode.swift; path = CMPT276AppTests.swift; sourceTree = "<group>"; };
		342655F320DB5D5800020C3E /* Info.plist */ = {isa = PBXFileReference; lastKnownFileType = text.plist.xml; path = Info.plist; sourceTree = "<group>"; };
		342655F820DB5D5800020C3E /* CMPT276AppUITests.xctest */ = {isa = PBXFileReference; explicitFileType = wrapper.cfbundle; includeInIndex = 0; path = CMPT276AppUITests.xctest; sourceTree = BUILT_PRODUCTS_DIR; };
		342655FC20DB5D5800020C3E /* CMPT276AppUITests.swift */ = {isa = PBXFileReference; lastKnownFileType = sourcecode.swift; path = CMPT276AppUITests.swift; sourceTree = "<group>"; };
		342655FE20DB5D5800020C3E /* Info.plist */ = {isa = PBXFileReference; lastKnownFileType = text.plist.xml; path = Info.plist; sourceTree = "<group>"; };
		3426560A20E493A000020C3E /* ConnectVC.swift */ = {isa = PBXFileReference; lastKnownFileType = sourcecode.swift; path = ConnectVC.swift; sourceTree = "<group>"; };
		3426561020E4AFA100020C3E /* PostCell.swift */ = {isa = PBXFileReference; lastKnownFileType = sourcecode.swift; path = PostCell.swift; sourceTree = "<group>"; };
		3426561420E4B3BD00020C3E /* Post.swift */ = {isa = PBXFileReference; lastKnownFileType = sourcecode.swift; path = Post.swift; sourceTree = "<group>"; };
		3426561720E4BA6100020C3E /* PostVC.swift */ = {isa = PBXFileReference; lastKnownFileType = sourcecode.swift; path = PostVC.swift; sourceTree = "<group>"; };
		3426561920E8000300020C3E /* CommentCell.swift */ = {isa = PBXFileReference; lastKnownFileType = sourcecode.swift; path = CommentCell.swift; sourceTree = "<group>"; };
		3426561B20E8017100020C3E /* CommentsVC.swift */ = {isa = PBXFileReference; lastKnownFileType = sourcecode.swift; path = CommentsVC.swift; sourceTree = "<group>"; };
		3426561F20E9F78D00020C3E /* GoogleService-Info.plist */ = {isa = PBXFileReference; fileEncoding = 4; lastKnownFileType = text.plist.xml; path = "GoogleService-Info.plist"; sourceTree = "<group>"; };
		405F4AA21CE8A203E49B18C8 /* Pods-CMPT276App.release.xcconfig */ = {isa = PBXFileReference; includeInIndex = 1; lastKnownFileType = text.xcconfig; name = "Pods-CMPT276App.release.xcconfig"; path = "Pods/Target Support Files/Pods-CMPT276App/Pods-CMPT276App.release.xcconfig"; sourceTree = "<group>"; };
		607B25F306DA49AE81C9A913 /* Pods_CMPT276AppTests.framework */ = {isa = PBXFileReference; explicitFileType = wrapper.framework; includeInIndex = 0; path = Pods_CMPT276AppTests.framework; sourceTree = BUILT_PRODUCTS_DIR; };
		6C146571DF4BF2ACD92DC742 /* Pods_CMPT276AppUITests.framework */ = {isa = PBXFileReference; explicitFileType = wrapper.framework; includeInIndex = 0; path = Pods_CMPT276AppUITests.framework; sourceTree = BUILT_PRODUCTS_DIR; };
		8A814BB09919FE689985DE47 /* Pods-CMPT276AppTests.debug.xcconfig */ = {isa = PBXFileReference; includeInIndex = 1; lastKnownFileType = text.xcconfig; name = "Pods-CMPT276AppTests.debug.xcconfig"; path = "Pods/Target Support Files/Pods-CMPT276AppTests/Pods-CMPT276AppTests.debug.xcconfig"; sourceTree = "<group>"; };
		8D0610E4962B2D65FAF68E9B /* Pods-CMPT276AppUITests.debug.xcconfig */ = {isa = PBXFileReference; includeInIndex = 1; lastKnownFileType = text.xcconfig; name = "Pods-CMPT276AppUITests.debug.xcconfig"; path = "Pods/Target Support Files/Pods-CMPT276AppUITests/Pods-CMPT276AppUITests.debug.xcconfig"; sourceTree = "<group>"; };
		A09DB6B173F33709858127E4 /* Pods-CMPT276App.debug.xcconfig */ = {isa = PBXFileReference; includeInIndex = 1; lastKnownFileType = text.xcconfig; name = "Pods-CMPT276App.debug.xcconfig"; path = "Pods/Target Support Files/Pods-CMPT276App/Pods-CMPT276App.debug.xcconfig"; sourceTree = "<group>"; };
		D0F4E0ED29F913EA631A0D9B /* Pods-CMPT276AppTests.release.xcconfig */ = {isa = PBXFileReference; includeInIndex = 1; lastKnownFileType = text.xcconfig; name = "Pods-CMPT276AppTests.release.xcconfig"; path = "Pods/Target Support Files/Pods-CMPT276AppTests/Pods-CMPT276AppTests.release.xcconfig"; sourceTree = "<group>"; };
		D97F1A37CA8B1F1EFCA69E42 /* Pods_CMPT276App.framework */ = {isa = PBXFileReference; explicitFileType = wrapper.framework; includeInIndex = 0; path = Pods_CMPT276App.framework; sourceTree = BUILT_PRODUCTS_DIR; };
/* End PBXFileReference section */

/* Begin PBXFrameworksBuildPhase section */
		342655D220DB5D5700020C3E /* Frameworks */ = {
			isa = PBXFrameworksBuildPhase;
			buildActionMask = 2147483647;
			files = (
				0B5E255BDD48AD2D73613DD9 /* Pods_CMPT276App.framework in Frameworks */,
			);
			runOnlyForDeploymentPostprocessing = 0;
		};
		342655EA20DB5D5800020C3E /* Frameworks */ = {
			isa = PBXFrameworksBuildPhase;
			buildActionMask = 2147483647;
			files = (
				B54342AE32CE570E7D45252B /* Pods_CMPT276AppTests.framework in Frameworks */,
			);
			runOnlyForDeploymentPostprocessing = 0;
		};
		342655F520DB5D5800020C3E /* Frameworks */ = {
			isa = PBXFrameworksBuildPhase;
			buildActionMask = 2147483647;
			files = (
				B511B9D847D61F5B372A34B9 /* Pods_CMPT276AppUITests.framework in Frameworks */,
			);
			runOnlyForDeploymentPostprocessing = 0;
		};
/* End PBXFrameworksBuildPhase section */

/* Begin PBXGroup section */
		342655CC20DB5D5700020C3E = {
			isa = PBXGroup;
			children = (
				342655D720DB5D5700020C3E /* CMPT276App */,
				342655F020DB5D5800020C3E /* CMPT276AppTests */,
				342655FB20DB5D5800020C3E /* CMPT276AppUITests */,
				342655D620DB5D5700020C3E /* Products */,
				A0FBAA279AF1263BC2D889FC /* Pods */,
				EFAE1EA1197DAE9BB09F9D76 /* Frameworks */,
			);
			sourceTree = "<group>";
		};
		342655D620DB5D5700020C3E /* Products */ = {
			isa = PBXGroup;
			children = (
				342655D520DB5D5700020C3E /* CMPT276App.app */,
				342655ED20DB5D5800020C3E /* CMPT276AppTests.xctest */,
				342655F820DB5D5800020C3E /* CMPT276AppUITests.xctest */,
			);
			name = Products;
			sourceTree = "<group>";
		};
		342655D720DB5D5700020C3E /* CMPT276App */ = {
			isa = PBXGroup;
			children = (
				3426561620E4BA1D00020C3E /* Controller */,
				3426561320E4B3A200020C3E /* Model */,
				3426561220E4B02B00020C3E /* View */,
				342655D820DB5D5700020C3E /* AppDelegate.swift */,
				342655DA20DB5D5700020C3E /* RootViewController.swift */,
				342655DC20DB5D5700020C3E /* DataViewController.swift */,
				342655DE20DB5D5700020C3E /* ModelController.swift */,
				342655E320DB5D5800020C3E /* Assets.xcassets */,
				3426561F20E9F78D00020C3E /* GoogleService-Info.plist */,
				342655E820DB5D5800020C3E /* Info.plist */,
			);
			path = CMPT276App;
			sourceTree = "<group>";
		};
		342655F020DB5D5800020C3E /* CMPT276AppTests */ = {
			isa = PBXGroup;
			children = (
				342655F120DB5D5800020C3E /* CMPT276AppTests.swift */,
				342655F320DB5D5800020C3E /* Info.plist */,
			);
			path = CMPT276AppTests;
			sourceTree = "<group>";
		};
		342655FB20DB5D5800020C3E /* CMPT276AppUITests */ = {
			isa = PBXGroup;
			children = (
				342655FC20DB5D5800020C3E /* CMPT276AppUITests.swift */,
				342655FE20DB5D5800020C3E /* Info.plist */,
			);
			path = CMPT276AppUITests;
			sourceTree = "<group>";
		};
		3426561220E4B02B00020C3E /* View */ = {
			isa = PBXGroup;
			children = (
				2B2F0A5120EB12A00085AA23 /* LogCell.swift */,
				3426561020E4AFA100020C3E /* PostCell.swift */,
				2B2F0A5720EB28020085AA23 /* Main.storyboard */,
				342655E520DB5D5800020C3E /* LaunchScreen.storyboard */,
				3426561920E8000300020C3E /* CommentCell.swift */,
			);
			path = View;
			sourceTree = "<group>";
		};
		3426561320E4B3A200020C3E /* Model */ = {
			isa = PBXGroup;
			children = (
				2B2F0A4F20EAFD820085AA23 /* MealLog.swift */,
				3426561420E4B3BD00020C3E /* Post.swift */,
			);
			path = Model;
			sourceTree = "<group>";
		};
		3426561620E4BA1D00020C3E /* Controller */ = {
			isa = PBXGroup;
			children = (
				2B2F0A4620EAF47C0085AA23 /* ViewController.swift */,
				3426560A20E493A000020C3E /* ConnectVC.swift */,
				2B2F0A5520EB1F900085AA23 /* RoleVC.swift */,
				2B2F0A4520EAF47C0085AA23 /* UserVC.swift */,
				2B2F0A4720EAF47D0085AA23 /* JourneyVC.swift */,
				3426561720E4BA6100020C3E /* PostVC.swift */,
				3426561B20E8017100020C3E /* CommentsVC.swift */,
				2B2F0A5320EB1B7C0085AA23 /* MealLogVC.swift */,
			);
			path = Controller;
			sourceTree = "<group>";
		};
		A0FBAA279AF1263BC2D889FC /* Pods */ = {
			isa = PBXGroup;
			children = (
				A09DB6B173F33709858127E4 /* Pods-CMPT276App.debug.xcconfig */,
				405F4AA21CE8A203E49B18C8 /* Pods-CMPT276App.release.xcconfig */,
				8A814BB09919FE689985DE47 /* Pods-CMPT276AppTests.debug.xcconfig */,
				D0F4E0ED29F913EA631A0D9B /* Pods-CMPT276AppTests.release.xcconfig */,
				8D0610E4962B2D65FAF68E9B /* Pods-CMPT276AppUITests.debug.xcconfig */,
				3125346861437D92D9232B0E /* Pods-CMPT276AppUITests.release.xcconfig */,
			);
			name = Pods;
			sourceTree = "<group>";
		};
		EFAE1EA1197DAE9BB09F9D76 /* Frameworks */ = {
			isa = PBXGroup;
			children = (
				D97F1A37CA8B1F1EFCA69E42 /* Pods_CMPT276App.framework */,
				607B25F306DA49AE81C9A913 /* Pods_CMPT276AppTests.framework */,
				6C146571DF4BF2ACD92DC742 /* Pods_CMPT276AppUITests.framework */,
			);
			name = Frameworks;
			sourceTree = "<group>";
		};
/* End PBXGroup section */

/* Begin PBXNativeTarget section */
		342655D420DB5D5700020C3E /* CMPT276App */ = {
			isa = PBXNativeTarget;
			buildConfigurationList = 3426560120DB5D5800020C3E /* Build configuration list for PBXNativeTarget "CMPT276App" */;
			buildPhases = (
				20ECC3B22CF370AD78E7C3F4 /* [CP] Check Pods Manifest.lock */,
				342655D120DB5D5700020C3E /* Sources */,
				342655D220DB5D5700020C3E /* Frameworks */,
				342655D320DB5D5700020C3E /* Resources */,
				F32548ABE07F4D01EE1E0B3E /* [CP] Embed Pods Frameworks */,
			);
			buildRules = (
			);
			dependencies = (
			);
			name = CMPT276App;
			productName = CMPT276App;
			productReference = 342655D520DB5D5700020C3E /* CMPT276App.app */;
			productType = "com.apple.product-type.application";
		};
		342655EC20DB5D5800020C3E /* CMPT276AppTests */ = {
			isa = PBXNativeTarget;
			buildConfigurationList = 3426560420DB5D5800020C3E /* Build configuration list for PBXNativeTarget "CMPT276AppTests" */;
			buildPhases = (
				E11BE1B8F807E4297059F2B1 /* [CP] Check Pods Manifest.lock */,
				342655E920DB5D5800020C3E /* Sources */,
				342655EA20DB5D5800020C3E /* Frameworks */,
				342655EB20DB5D5800020C3E /* Resources */,
			);
			buildRules = (
			);
			dependencies = (
				342655EF20DB5D5800020C3E /* PBXTargetDependency */,
			);
			name = CMPT276AppTests;
			productName = CMPT276AppTests;
			productReference = 342655ED20DB5D5800020C3E /* CMPT276AppTests.xctest */;
			productType = "com.apple.product-type.bundle.unit-test";
		};
		342655F720DB5D5800020C3E /* CMPT276AppUITests */ = {
			isa = PBXNativeTarget;
			buildConfigurationList = 3426560720DB5D5800020C3E /* Build configuration list for PBXNativeTarget "CMPT276AppUITests" */;
			buildPhases = (
				659391F2672199EC09B5E61D /* [CP] Check Pods Manifest.lock */,
				342655F420DB5D5800020C3E /* Sources */,
				342655F520DB5D5800020C3E /* Frameworks */,
				342655F620DB5D5800020C3E /* Resources */,
			);
			buildRules = (
			);
			dependencies = (
				342655FA20DB5D5800020C3E /* PBXTargetDependency */,
			);
			name = CMPT276AppUITests;
			productName = CMPT276AppUITests;
			productReference = 342655F820DB5D5800020C3E /* CMPT276AppUITests.xctest */;
			productType = "com.apple.product-type.bundle.ui-testing";
		};
/* End PBXNativeTarget section */

/* Begin PBXProject section */
		342655CD20DB5D5700020C3E /* Project object */ = {
			isa = PBXProject;
			attributes = {
				LastSwiftUpdateCheck = 0940;
				LastUpgradeCheck = 0940;
				ORGANIZATIONNAME = Nurture;
				TargetAttributes = {
					342655D420DB5D5700020C3E = {
						CreatedOnToolsVersion = 9.4.1;
					};
					342655EC20DB5D5800020C3E = {
						CreatedOnToolsVersion = 9.4.1;
						TestTargetID = 342655D420DB5D5700020C3E;
					};
					342655F720DB5D5800020C3E = {
						CreatedOnToolsVersion = 9.4.1;
						TestTargetID = 342655D420DB5D5700020C3E;
					};
				};
			};
			buildConfigurationList = 342655D020DB5D5700020C3E /* Build configuration list for PBXProject "CMPT276App" */;
			compatibilityVersion = "Xcode 9.3";
			developmentRegion = en;
			hasScannedForEncodings = 0;
			knownRegions = (
				en,
				Base,
			);
			mainGroup = 342655CC20DB5D5700020C3E;
			productRefGroup = 342655D620DB5D5700020C3E /* Products */;
			projectDirPath = "";
			projectRoot = "";
			targets = (
				342655D420DB5D5700020C3E /* CMPT276App */,
				342655EC20DB5D5800020C3E /* CMPT276AppTests */,
				342655F720DB5D5800020C3E /* CMPT276AppUITests */,
			);
		};
/* End PBXProject section */

/* Begin PBXResourcesBuildPhase section */
		342655D320DB5D5700020C3E /* Resources */ = {
			isa = PBXResourcesBuildPhase;
			buildActionMask = 2147483647;
			files = (
				342655E720DB5D5800020C3E /* LaunchScreen.storyboard in Resources */,
				3426562020E9F78D00020C3E /* GoogleService-Info.plist in Resources */,
				342655E420DB5D5800020C3E /* Assets.xcassets in Resources */,
				2B2F0A5920EB28020085AA23 /* Main.storyboard in Resources */,
			);
			runOnlyForDeploymentPostprocessing = 0;
		};
		342655EB20DB5D5800020C3E /* Resources */ = {
			isa = PBXResourcesBuildPhase;
			buildActionMask = 2147483647;
			files = (
			);
			runOnlyForDeploymentPostprocessing = 0;
		};
		342655F620DB5D5800020C3E /* Resources */ = {
			isa = PBXResourcesBuildPhase;
			buildActionMask = 2147483647;
			files = (
			);
			runOnlyForDeploymentPostprocessing = 0;
		};
/* End PBXResourcesBuildPhase section */

/* Begin PBXShellScriptBuildPhase section */
		20ECC3B22CF370AD78E7C3F4 /* [CP] Check Pods Manifest.lock */ = {
			isa = PBXShellScriptBuildPhase;
			buildActionMask = 2147483647;
			files = (
			);
			inputPaths = (
				"${PODS_PODFILE_DIR_PATH}/Podfile.lock",
				"${PODS_ROOT}/Manifest.lock",
			);
			name = "[CP] Check Pods Manifest.lock";
			outputPaths = (
				"$(DERIVED_FILE_DIR)/Pods-CMPT276App-checkManifestLockResult.txt",
			);
			runOnlyForDeploymentPostprocessing = 0;
			shellPath = /bin/sh;
			shellScript = "diff \"${PODS_PODFILE_DIR_PATH}/Podfile.lock\" \"${PODS_ROOT}/Manifest.lock\" > /dev/null\nif [ $? != 0 ] ; then\n    # print error to STDERR\n    echo \"error: The sandbox is not in sync with the Podfile.lock. Run 'pod install' or update your CocoaPods installation.\" >&2\n    exit 1\nfi\n# This output is used by Xcode 'outputs' to avoid re-running this script phase.\necho \"SUCCESS\" > \"${SCRIPT_OUTPUT_FILE_0}\"\n";
			showEnvVarsInLog = 0;
		};
		659391F2672199EC09B5E61D /* [CP] Check Pods Manifest.lock */ = {
			isa = PBXShellScriptBuildPhase;
			buildActionMask = 2147483647;
			files = (
			);
			inputPaths = (
				"${PODS_PODFILE_DIR_PATH}/Podfile.lock",
				"${PODS_ROOT}/Manifest.lock",
			);
			name = "[CP] Check Pods Manifest.lock";
			outputPaths = (
				"$(DERIVED_FILE_DIR)/Pods-CMPT276AppUITests-checkManifestLockResult.txt",
			);
			runOnlyForDeploymentPostprocessing = 0;
			shellPath = /bin/sh;
			shellScript = "diff \"${PODS_PODFILE_DIR_PATH}/Podfile.lock\" \"${PODS_ROOT}/Manifest.lock\" > /dev/null\nif [ $? != 0 ] ; then\n    # print error to STDERR\n    echo \"error: The sandbox is not in sync with the Podfile.lock. Run 'pod install' or update your CocoaPods installation.\" >&2\n    exit 1\nfi\n# This output is used by Xcode 'outputs' to avoid re-running this script phase.\necho \"SUCCESS\" > \"${SCRIPT_OUTPUT_FILE_0}\"\n";
			showEnvVarsInLog = 0;
		};
		E11BE1B8F807E4297059F2B1 /* [CP] Check Pods Manifest.lock */ = {
			isa = PBXShellScriptBuildPhase;
			buildActionMask = 2147483647;
			files = (
			);
			inputPaths = (
				"${PODS_PODFILE_DIR_PATH}/Podfile.lock",
				"${PODS_ROOT}/Manifest.lock",
			);
			name = "[CP] Check Pods Manifest.lock";
			outputPaths = (
				"$(DERIVED_FILE_DIR)/Pods-CMPT276AppTests-checkManifestLockResult.txt",
			);
			runOnlyForDeploymentPostprocessing = 0;
			shellPath = /bin/sh;
			shellScript = "diff \"${PODS_PODFILE_DIR_PATH}/Podfile.lock\" \"${PODS_ROOT}/Manifest.lock\" > /dev/null\nif [ $? != 0 ] ; then\n    # print error to STDERR\n    echo \"error: The sandbox is not in sync with the Podfile.lock. Run 'pod install' or update your CocoaPods installation.\" >&2\n    exit 1\nfi\n# This output is used by Xcode 'outputs' to avoid re-running this script phase.\necho \"SUCCESS\" > \"${SCRIPT_OUTPUT_FILE_0}\"\n";
			showEnvVarsInLog = 0;
		};
		F32548ABE07F4D01EE1E0B3E /* [CP] Embed Pods Frameworks */ = {
			isa = PBXShellScriptBuildPhase;
			buildActionMask = 2147483647;
			files = (
			);
			inputPaths = (
				"${SRCROOT}/Pods/Target Support Files/Pods-CMPT276App/Pods-CMPT276App-frameworks.sh",
				"${BUILT_PRODUCTS_DIR}/GTMSessionFetcher/GTMSessionFetcher.framework",
				"${BUILT_PRODUCTS_DIR}/GoogleToolboxForMac/GoogleToolboxForMac.framework",
				"${BUILT_PRODUCTS_DIR}/SwiftKeychainWrapper/SwiftKeychainWrapper.framework",
				"${BUILT_PRODUCTS_DIR}/leveldb-library/leveldb.framework",
				"${BUILT_PRODUCTS_DIR}/nanopb/nanopb.framework",
			);
			name = "[CP] Embed Pods Frameworks";
			outputPaths = (
				"${TARGET_BUILD_DIR}/${FRAMEWORKS_FOLDER_PATH}/GTMSessionFetcher.framework",
				"${TARGET_BUILD_DIR}/${FRAMEWORKS_FOLDER_PATH}/GoogleToolboxForMac.framework",
				"${TARGET_BUILD_DIR}/${FRAMEWORKS_FOLDER_PATH}/SwiftKeychainWrapper.framework",
				"${TARGET_BUILD_DIR}/${FRAMEWORKS_FOLDER_PATH}/leveldb.framework",
				"${TARGET_BUILD_DIR}/${FRAMEWORKS_FOLDER_PATH}/nanopb.framework",
			);
			runOnlyForDeploymentPostprocessing = 0;
			shellPath = /bin/sh;
			shellScript = "\"${SRCROOT}/Pods/Target Support Files/Pods-CMPT276App/Pods-CMPT276App-frameworks.sh\"\n";
			showEnvVarsInLog = 0;
		};
/* End PBXShellScriptBuildPhase section */

/* Begin PBXSourcesBuildPhase section */
		342655D120DB5D5700020C3E /* Sources */ = {
			isa = PBXSourcesBuildPhase;
			buildActionMask = 2147483647;
			files = (
				3426561120E4AFA100020C3E /* PostCell.swift in Sources */,
				342655DB20DB5D5700020C3E /* RootViewController.swift in Sources */,
				3426560B20E493A000020C3E /* ConnectVC.swift in Sources */,
				2B2F0A4A20EAF47D0085AA23 /* JourneyVC.swift in Sources */,
				3426561C20E8017100020C3E /* CommentsVC.swift in Sources */,
				3426561520E4B3BD00020C3E /* Post.swift in Sources */,
				2B2F0A5420EB1B7C0085AA23 /* MealLogVC.swift in Sources */,
				2B2F0A5220EB12A00085AA23 /* LogCell.swift in Sources */,
				3426561A20E8000300020C3E /* CommentCell.swift in Sources */,
				2B2F0A4820EAF47D0085AA23 /* UserVC.swift in Sources */,
				2B2F0A5020EAFD820085AA23 /* MealLog.swift in Sources */,
				2B2F0A4920EAF47D0085AA23 /* ViewController.swift in Sources */,
				342655DF20DB5D5700020C3E /* ModelController.swift in Sources */,
				3426561820E4BA6100020C3E /* PostVC.swift in Sources */,
				342655DD20DB5D5700020C3E /* DataViewController.swift in Sources */,
				2B2F0A5620EB1F900085AA23 /* RoleVC.swift in Sources */,
				342655D920DB5D5700020C3E /* AppDelegate.swift in Sources */,
			);
			runOnlyForDeploymentPostprocessing = 0;
		};
		342655E920DB5D5800020C3E /* Sources */ = {
			isa = PBXSourcesBuildPhase;
			buildActionMask = 2147483647;
			files = (
				342655F220DB5D5800020C3E /* CMPT276AppTests.swift in Sources */,
			);
			runOnlyForDeploymentPostprocessing = 0;
		};
		342655F420DB5D5800020C3E /* Sources */ = {
			isa = PBXSourcesBuildPhase;
			buildActionMask = 2147483647;
			files = (
				342655FD20DB5D5800020C3E /* CMPT276AppUITests.swift in Sources */,
			);
			runOnlyForDeploymentPostprocessing = 0;
		};
/* End PBXSourcesBuildPhase section */

/* Begin PBXTargetDependency section */
		342655EF20DB5D5800020C3E /* PBXTargetDependency */ = {
			isa = PBXTargetDependency;
			target = 342655D420DB5D5700020C3E /* CMPT276App */;
			targetProxy = 342655EE20DB5D5800020C3E /* PBXContainerItemProxy */;
		};
		342655FA20DB5D5800020C3E /* PBXTargetDependency */ = {
			isa = PBXTargetDependency;
			target = 342655D420DB5D5700020C3E /* CMPT276App */;
			targetProxy = 342655F920DB5D5800020C3E /* PBXContainerItemProxy */;
		};
/* End PBXTargetDependency section */

/* Begin PBXVariantGroup section */
		2B2F0A5720EB28020085AA23 /* Main.storyboard */ = {
			isa = PBXVariantGroup;
			children = (
				2B2F0A5820EB28020085AA23 /* Base */,
			);
			name = Main.storyboard;
			sourceTree = "<group>";
		};
		342655E520DB5D5800020C3E /* LaunchScreen.storyboard */ = {
			isa = PBXVariantGroup;
			children = (
				342655E620DB5D5800020C3E /* Base */,
			);
			name = LaunchScreen.storyboard;
			sourceTree = "<group>";
		};
/* End PBXVariantGroup section */

/* Begin XCBuildConfiguration section */
		342655FF20DB5D5800020C3E /* Debug */ = {
			isa = XCBuildConfiguration;
			buildSettings = {
				ALWAYS_SEARCH_USER_PATHS = NO;
				CLANG_ANALYZER_NONNULL = YES;
				CLANG_ANALYZER_NUMBER_OBJECT_CONVERSION = YES_AGGRESSIVE;
				CLANG_CXX_LANGUAGE_STANDARD = "gnu++14";
				CLANG_CXX_LIBRARY = "libc++";
				CLANG_ENABLE_MODULES = YES;
				CLANG_ENABLE_OBJC_ARC = YES;
				CLANG_ENABLE_OBJC_WEAK = YES;
				CLANG_WARN_BLOCK_CAPTURE_AUTORELEASING = YES;
				CLANG_WARN_BOOL_CONVERSION = YES;
				CLANG_WARN_COMMA = YES;
				CLANG_WARN_CONSTANT_CONVERSION = YES;
				CLANG_WARN_DEPRECATED_OBJC_IMPLEMENTATIONS = YES;
				CLANG_WARN_DIRECT_OBJC_ISA_USAGE = YES_ERROR;
				CLANG_WARN_DOCUMENTATION_COMMENTS = YES;
				CLANG_WARN_EMPTY_BODY = YES;
				CLANG_WARN_ENUM_CONVERSION = YES;
				CLANG_WARN_INFINITE_RECURSION = YES;
				CLANG_WARN_INT_CONVERSION = YES;
				CLANG_WARN_NON_LITERAL_NULL_CONVERSION = YES;
				CLANG_WARN_OBJC_IMPLICIT_RETAIN_SELF = YES;
				CLANG_WARN_OBJC_LITERAL_CONVERSION = YES;
				CLANG_WARN_OBJC_ROOT_CLASS = YES_ERROR;
				CLANG_WARN_RANGE_LOOP_ANALYSIS = YES;
				CLANG_WARN_STRICT_PROTOTYPES = YES;
				CLANG_WARN_SUSPICIOUS_MOVE = YES;
				CLANG_WARN_UNGUARDED_AVAILABILITY = YES_AGGRESSIVE;
				CLANG_WARN_UNREACHABLE_CODE = YES;
				CLANG_WARN__DUPLICATE_METHOD_MATCH = YES;
				CODE_SIGN_IDENTITY = "iPhone Developer";
				COPY_PHASE_STRIP = NO;
				DEBUG_INFORMATION_FORMAT = dwarf;
				ENABLE_STRICT_OBJC_MSGSEND = YES;
				ENABLE_TESTABILITY = YES;
				GCC_C_LANGUAGE_STANDARD = gnu11;
				GCC_DYNAMIC_NO_PIC = NO;
				GCC_NO_COMMON_BLOCKS = YES;
				GCC_OPTIMIZATION_LEVEL = 0;
				GCC_PREPROCESSOR_DEFINITIONS = (
					"DEBUG=1",
					"$(inherited)",
				);
				GCC_WARN_64_TO_32_BIT_CONVERSION = YES;
				GCC_WARN_ABOUT_RETURN_TYPE = YES_ERROR;
				GCC_WARN_UNDECLARED_SELECTOR = YES;
				GCC_WARN_UNINITIALIZED_AUTOS = YES_AGGRESSIVE;
				GCC_WARN_UNUSED_FUNCTION = YES;
				GCC_WARN_UNUSED_VARIABLE = YES;
				IPHONEOS_DEPLOYMENT_TARGET = 11.4;
				MTL_ENABLE_DEBUG_INFO = YES;
				ONLY_ACTIVE_ARCH = YES;
				SDKROOT = iphoneos;
				SWIFT_ACTIVE_COMPILATION_CONDITIONS = DEBUG;
				SWIFT_OPTIMIZATION_LEVEL = "-Onone";
			};
			name = Debug;
		};
		3426560020DB5D5800020C3E /* Release */ = {
			isa = XCBuildConfiguration;
			buildSettings = {
				ALWAYS_SEARCH_USER_PATHS = NO;
				CLANG_ANALYZER_NONNULL = YES;
				CLANG_ANALYZER_NUMBER_OBJECT_CONVERSION = YES_AGGRESSIVE;
				CLANG_CXX_LANGUAGE_STANDARD = "gnu++14";
				CLANG_CXX_LIBRARY = "libc++";
				CLANG_ENABLE_MODULES = YES;
				CLANG_ENABLE_OBJC_ARC = YES;
				CLANG_ENABLE_OBJC_WEAK = YES;
				CLANG_WARN_BLOCK_CAPTURE_AUTORELEASING = YES;
				CLANG_WARN_BOOL_CONVERSION = YES;
				CLANG_WARN_COMMA = YES;
				CLANG_WARN_CONSTANT_CONVERSION = YES;
				CLANG_WARN_DEPRECATED_OBJC_IMPLEMENTATIONS = YES;
				CLANG_WARN_DIRECT_OBJC_ISA_USAGE = YES_ERROR;
				CLANG_WARN_DOCUMENTATION_COMMENTS = YES;
				CLANG_WARN_EMPTY_BODY = YES;
				CLANG_WARN_ENUM_CONVERSION = YES;
				CLANG_WARN_INFINITE_RECURSION = YES;
				CLANG_WARN_INT_CONVERSION = YES;
				CLANG_WARN_NON_LITERAL_NULL_CONVERSION = YES;
				CLANG_WARN_OBJC_IMPLICIT_RETAIN_SELF = YES;
				CLANG_WARN_OBJC_LITERAL_CONVERSION = YES;
				CLANG_WARN_OBJC_ROOT_CLASS = YES_ERROR;
				CLANG_WARN_RANGE_LOOP_ANALYSIS = YES;
				CLANG_WARN_STRICT_PROTOTYPES = YES;
				CLANG_WARN_SUSPICIOUS_MOVE = YES;
				CLANG_WARN_UNGUARDED_AVAILABILITY = YES_AGGRESSIVE;
				CLANG_WARN_UNREACHABLE_CODE = YES;
				CLANG_WARN__DUPLICATE_METHOD_MATCH = YES;
				CODE_SIGN_IDENTITY = "iPhone Developer";
				COPY_PHASE_STRIP = NO;
				DEBUG_INFORMATION_FORMAT = "dwarf-with-dsym";
				ENABLE_NS_ASSERTIONS = NO;
				ENABLE_STRICT_OBJC_MSGSEND = YES;
				GCC_C_LANGUAGE_STANDARD = gnu11;
				GCC_NO_COMMON_BLOCKS = YES;
				GCC_WARN_64_TO_32_BIT_CONVERSION = YES;
				GCC_WARN_ABOUT_RETURN_TYPE = YES_ERROR;
				GCC_WARN_UNDECLARED_SELECTOR = YES;
				GCC_WARN_UNINITIALIZED_AUTOS = YES_AGGRESSIVE;
				GCC_WARN_UNUSED_FUNCTION = YES;
				GCC_WARN_UNUSED_VARIABLE = YES;
				IPHONEOS_DEPLOYMENT_TARGET = 11.4;
				MTL_ENABLE_DEBUG_INFO = NO;
				SDKROOT = iphoneos;
				SWIFT_COMPILATION_MODE = wholemodule;
				SWIFT_OPTIMIZATION_LEVEL = "-O";
				VALIDATE_PRODUCT = YES;
			};
			name = Release;
		};
		3426560220DB5D5800020C3E /* Debug */ = {
			isa = XCBuildConfiguration;
			baseConfigurationReference = A09DB6B173F33709858127E4 /* Pods-CMPT276App.debug.xcconfig */;
			buildSettings = {
				ASSETCATALOG_COMPILER_APPICON_NAME = AppIcon;
				CODE_SIGN_STYLE = Automatic;
				INFOPLIST_FILE = CMPT276App/Info.plist;
				LD_RUNPATH_SEARCH_PATHS = (
					"$(inherited)",
					"@executable_path/Frameworks",
				);
				PRODUCT_BUNDLE_IDENTIFIER = sfu.ca.cla325.Nurture;
				PRODUCT_NAME = "$(TARGET_NAME)";
				SWIFT_VERSION = 4.0;
				TARGETED_DEVICE_FAMILY = "1,2";
			};
			name = Debug;
		};
		3426560320DB5D5800020C3E /* Release */ = {
			isa = XCBuildConfiguration;
			baseConfigurationReference = 405F4AA21CE8A203E49B18C8 /* Pods-CMPT276App.release.xcconfig */;
			buildSettings = {
				ASSETCATALOG_COMPILER_APPICON_NAME = AppIcon;
				CODE_SIGN_STYLE = Automatic;
				INFOPLIST_FILE = CMPT276App/Info.plist;
				LD_RUNPATH_SEARCH_PATHS = (
					"$(inherited)",
					"@executable_path/Frameworks",
				);
				PRODUCT_BUNDLE_IDENTIFIER = sfu.ca.cla325.Nurture;
				PRODUCT_NAME = "$(TARGET_NAME)";
				SWIFT_VERSION = 4.0;
				TARGETED_DEVICE_FAMILY = "1,2";
			};
			name = Release;
		};
		3426560520DB5D5800020C3E /* Debug */ = {
			isa = XCBuildConfiguration;
			baseConfigurationReference = 8A814BB09919FE689985DE47 /* Pods-CMPT276AppTests.debug.xcconfig */;
			buildSettings = {
				ALWAYS_EMBED_SWIFT_STANDARD_LIBRARIES = YES;
				BUNDLE_LOADER = "$(TEST_HOST)";
				CODE_SIGN_STYLE = Automatic;
				INFOPLIST_FILE = CMPT276AppTests/Info.plist;
				LD_RUNPATH_SEARCH_PATHS = (
					"$(inherited)",
					"@executable_path/Frameworks",
					"@loader_path/Frameworks",
				);
				PRODUCT_BUNDLE_IDENTIFIER = Nurture.CMPT276AppTests;
				PRODUCT_NAME = "$(TARGET_NAME)";
				SWIFT_VERSION = 4.0;
				TARGETED_DEVICE_FAMILY = "1,2";
				TEST_HOST = "$(BUILT_PRODUCTS_DIR)/CMPT276App.app/CMPT276App";
			};
			name = Debug;
		};
		3426560620DB5D5800020C3E /* Release */ = {
			isa = XCBuildConfiguration;
			baseConfigurationReference = D0F4E0ED29F913EA631A0D9B /* Pods-CMPT276AppTests.release.xcconfig */;
			buildSettings = {
				ALWAYS_EMBED_SWIFT_STANDARD_LIBRARIES = YES;
				BUNDLE_LOADER = "$(TEST_HOST)";
				CODE_SIGN_STYLE = Automatic;
				INFOPLIST_FILE = CMPT276AppTests/Info.plist;
				LD_RUNPATH_SEARCH_PATHS = (
					"$(inherited)",
					"@executable_path/Frameworks",
					"@loader_path/Frameworks",
				);
				PRODUCT_BUNDLE_IDENTIFIER = Nurture.CMPT276AppTests;
				PRODUCT_NAME = "$(TARGET_NAME)";
				SWIFT_VERSION = 4.0;
				TARGETED_DEVICE_FAMILY = "1,2";
				TEST_HOST = "$(BUILT_PRODUCTS_DIR)/CMPT276App.app/CMPT276App";
			};
			name = Release;
		};
		3426560820DB5D5800020C3E /* Debug */ = {
			isa = XCBuildConfiguration;
			baseConfigurationReference = 8D0610E4962B2D65FAF68E9B /* Pods-CMPT276AppUITests.debug.xcconfig */;
			buildSettings = {
				ALWAYS_EMBED_SWIFT_STANDARD_LIBRARIES = YES;
				CODE_SIGN_STYLE = Automatic;
				INFOPLIST_FILE = CMPT276AppUITests/Info.plist;
				LD_RUNPATH_SEARCH_PATHS = (
					"$(inherited)",
					"@executable_path/Frameworks",
					"@loader_path/Frameworks",
				);
				PRODUCT_BUNDLE_IDENTIFIER = Nurture.CMPT276AppUITests;
				PRODUCT_NAME = "$(TARGET_NAME)";
				SWIFT_VERSION = 4.0;
				TARGETED_DEVICE_FAMILY = "1,2";
				TEST_TARGET_NAME = CMPT276App;
			};
			name = Debug;
		};
		3426560920DB5D5800020C3E /* Release */ = {
			isa = XCBuildConfiguration;
			baseConfigurationReference = 3125346861437D92D9232B0E /* Pods-CMPT276AppUITests.release.xcconfig */;
			buildSettings = {
				ALWAYS_EMBED_SWIFT_STANDARD_LIBRARIES = YES;
				CODE_SIGN_STYLE = Automatic;
				INFOPLIST_FILE = CMPT276AppUITests/Info.plist;
				LD_RUNPATH_SEARCH_PATHS = (
					"$(inherited)",
					"@executable_path/Frameworks",
					"@loader_path/Frameworks",
				);
				PRODUCT_BUNDLE_IDENTIFIER = Nurture.CMPT276AppUITests;
				PRODUCT_NAME = "$(TARGET_NAME)";
				SWIFT_VERSION = 4.0;
				TARGETED_DEVICE_FAMILY = "1,2";
				TEST_TARGET_NAME = CMPT276App;
			};
			name = Release;
		};
/* End XCBuildConfiguration section */

/* Begin XCConfigurationList section */
		342655D020DB5D5700020C3E /* Build configuration list for PBXProject "CMPT276App" */ = {
			isa = XCConfigurationList;
			buildConfigurations = (
				342655FF20DB5D5800020C3E /* Debug */,
				3426560020DB5D5800020C3E /* Release */,
			);
			defaultConfigurationIsVisible = 0;
			defaultConfigurationName = Release;
		};
		3426560120DB5D5800020C3E /* Build configuration list for PBXNativeTarget "CMPT276App" */ = {
			isa = XCConfigurationList;
			buildConfigurations = (
				3426560220DB5D5800020C3E /* Debug */,
				3426560320DB5D5800020C3E /* Release */,
			);
			defaultConfigurationIsVisible = 0;
			defaultConfigurationName = Release;
		};
		3426560420DB5D5800020C3E /* Build configuration list for PBXNativeTarget "CMPT276AppTests" */ = {
			isa = XCConfigurationList;
			buildConfigurations = (
				3426560520DB5D5800020C3E /* Debug */,
				3426560620DB5D5800020C3E /* Release */,
			);
			defaultConfigurationIsVisible = 0;
			defaultConfigurationName = Release;
		};
		3426560720DB5D5800020C3E /* Build configuration list for PBXNativeTarget "CMPT276AppUITests" */ = {
			isa = XCConfigurationList;
			buildConfigurations = (
				3426560820DB5D5800020C3E /* Debug */,
				3426560920DB5D5800020C3E /* Release */,
			);
			defaultConfigurationIsVisible = 0;
			defaultConfigurationName = Release;
		};
/* End XCConfigurationList section */
	};
	rootObject = 342655CD20DB5D5700020C3E /* Project object */;
}
